
Microsoft Visual Studio Solution File, Format Version 12.00
# Visual Studio Version 17
VisualStudioVersion = 17.0.31903.59
MinimumVisualStudioVersion = 10.0.40219.1
Project("{2150E333-8FDC-42A3-9474-1A3956D46DE8}") = "src", "src", "{0EF6B4BF-F3FC-4F1A-B03E-2430AE0F1116}"
EndProject
Project("{FAE04EC0-301F-11D3-BF4B-00C04F79EFBC}") = "SharpBench.Judging", "src\SharpBench.Judging\SharpBench.Judging.csproj", "{606F0019-4C87-456D-92D5-B6CDC6CDA800}"
EndProject
Project("{FAE04EC0-301F-11D3-BF4B-00C04F79EFBC}") = "SharpBench.Runner", "src\SharpBench.Runner\SharpBench.Runner.csproj", "{89BD87A8-2656-4047-84F0-F2D1ACA06024}"
EndProject
Project("{2150E333-8FDC-42A3-9474-1A3956D46DE8}") = "tests", "tests", "{5A4E7166-C731-40EC-85B5-A71654E9B7CE}"
EndProject
Project("{FAE04EC0-301F-11D3-BF4B-00C04F79EFBC}") = "SharpBench.Judging.Tests", "tests\SharpBench.Judging.Tests\SharpBench.Judging.Tests.csproj", "{DF64207C-FC16-4DC3-B8A2-F150B85080B6}"
EndProject
Project("{FAE04EC0-301F-11D3-BF4B-00C04F79EFBC}") = "SharpBench.Sandbox", "src\SharpBench.Sandbox\SharpBench.Sandbox.csproj", "{6ED5D972-A223-401A-97ED-89ED7AA1852A}"
EndProject
Project("{FAE04EC0-301F-11D3-BF4B-00C04F79EFBC}") = "SharpBench.Runner.Tests", "tests\SharpBench.Runner.Tests\SharpBench.Runner.Tests.csproj", "{78CC8EDE-1FA4-476C-8480-38E7D4922958}"
EndProject
Global
	GlobalSection(SolutionConfigurationPlatforms) = preSolution
		Debug|Any CPU = Debug|Any CPU
		Release|Any CPU = Release|Any CPU
	EndGlobalSection
	GlobalSection(SolutionProperties) = preSolution
		HideSolutionNode = FALSE
	EndGlobalSection
	GlobalSection(ProjectConfigurationPlatforms) = postSolution
		{606F0019-4C87-456D-92D5-B6CDC6CDA800}.Debug|Any CPU.ActiveCfg = Debug|Any CPU
		{606F0019-4C87-456D-92D5-B6CDC6CDA800}.Debug|Any CPU.Build.0 = Debug|Any CPU
		{606F0019-4C87-456D-92D5-B6CDC6CDA800}.Release|Any CPU.ActiveCfg = Release|Any CPU
		{606F0019-4C87-456D-92D5-B6CDC6CDA800}.Release|Any CPU.Build.0 = Release|Any CPU
		{89BD87A8-2656-4047-84F0-F2D1ACA06024}.Debug|Any CPU.ActiveCfg = Debug|Any CPU
		{89BD87A8-2656-4047-84F0-F2D1ACA06024}.Debug|Any CPU.Build.0 = Debug|Any CPU
		{89BD87A8-2656-4047-84F0-F2D1ACA06024}.Release|Any CPU.ActiveCfg = Release|Any CPU
		{89BD87A8-2656-4047-84F0-F2D1ACA06024}.Release|Any CPU.Build.0 = Release|Any CPU
		{DF64207C-FC16-4DC3-B8A2-F150B85080B6}.Debug|Any CPU.ActiveCfg = Debug|Any CPU
		{DF64207C-FC16-4DC3-B8A2-F150B85080B6}.Debug|Any CPU.Build.0 = Debug|Any CPU
		{DF64207C-FC16-4DC3-B8A2-F150B85080B6}.Release|Any CPU.ActiveCfg = Release|Any CPU
		{DF64207C-FC16-4DC3-B8A2-F150B85080B6}.Release|Any CPU.Build.0 = Release|Any CPU
		{6ED5D972-A223-401A-97ED-89ED7AA1852A}.Debug|Any CPU.ActiveCfg = Debug|Any CPU
		{6ED5D972-A223-401A-97ED-89ED7AA1852A}.Debug|Any CPU.Build.0 = Debug|Any CPU
		{6ED5D972-A223-401A-97ED-89ED7AA1852A}.Release|Any CPU.ActiveCfg = Release|Any CPU
		{6ED5D972-A223-401A-97ED-89ED7AA1852A}.Release|Any CPU.Build.0 = Release|Any CPU
		{78CC8EDE-1FA4-476C-8480-38E7D4922958}.Debug|Any CPU.ActiveCfg = Debug|Any CPU
		{78CC8EDE-1FA4-476C-8480-38E7D4922958}.Debug|Any CPU.Build.0 = Debug|Any CPU
		{78CC8EDE-1FA4-476C-8480-38E7D4922958}.Release|Any CPU.ActiveCfg = Release|Any CPU
		{78CC8EDE-1FA4-476C-8480-38E7D4922958}.Release|Any CPU.Build.0 = Release|Any CPU
	EndGlobalSection
	GlobalSection(NestedProjects) = preSolution
		{606F0019-4C87-456D-92D5-B6CDC6CDA800} = {0EF6B4BF-F3FC-4F1A-B03E-2430AE0F1116}
		{89BD87A8-2656-4047-84F0-F2D1ACA06024} = {0EF6B4BF-F3FC-4F1A-B03E-2430AE0F1116}
		{DF64207C-FC16-4DC3-B8A2-F150B85080B6} = {5A4E7166-C731-40EC-85B5-A71654E9B7CE}
		{6ED5D972-A223-401A-97ED-89ED7AA1852A} = {0EF6B4BF-F3FC-4F1A-B03E-2430AE0F1116}
		{78CC8EDE-1FA4-476C-8480-38E7D4922958} = {5A4E7166-C731-40EC-85B5-A71654E9B7CE}
	EndGlobalSection
EndGlobal
